
Microsoft Visual Studio Solution File, Format Version 12.00
# Visual Studio Version 17
VisualStudioVersion = 17.4.33213.308
MinimumVisualStudioVersion = 10.0.40219.1
Project("{9A19103F-16F7-4668-BE54-9A1E7A4F7556}") = "Playground", "Playground.csproj", "{4668F9D9-EF6A-4127-93B9-5313E09C29B3}"
EndProject
Project("{9A19103F-16F7-4668-BE54-9A1E7A4F7556}") = "Core.Shared", "..\Core.Shared\Core.Shared.csproj", "{6C4A75BB-73F9-4A06-B122-0CD7F9FAF4A7}"
EndProject
Project("{9A19103F-16F7-4668-BE54-9A1E7A4F7556}") = "CoreDB", "..\CoreDB\CoreDB.csproj", "{4E6255FB-FEC6-47D5-B895-231DE109E25F}"
EndProject
Project("{9A19103F-16F7-4668-BE54-9A1E7A4F7556}") = "Core.Auth", "..\Core.Auth\Core.Auth.csproj", "{707A601C-CFBE-460A-AB27-54105564F4DB}"
EndProject
Project("{2150E333-8FDC-42A3-9474-1A3956D46DE8}") = "1 - Core extensions", "1 - Core extensions", "{B2BB3820-A609-4DB6-90B2-2D0997B2DD3D}"
EndProject
Project("{2150E333-8FDC-42A3-9474-1A3956D46DE8}") = "2 - Business logic", "2 - Business logic", "{F7B6A614-60D8-4098-93CC-FB641B71C600}"
EndProject
Project("{2150E333-8FDC-42A3-9474-1A3956D46DE8}") = "0 - DB plugin", "0 - DB plugin", "{9823028D-721D-439D-AD6B-F3056346A75D}"
EndProject
Project("{9A19103F-16F7-4668-BE54-9A1E7A4F7556}") = "Core.DB.Plugin.MySQL", "..\..\Core.DB.Plugin\Core.DB.Plugin.MySQL\Core.DB.Plugin.MySQL.csproj", "{E74A75A6-F19C-4E45-9508-DD12DF614AFC}"
EndProject
Project("{9A19103F-16F7-4668-BE54-9A1E7A4F7556}") = "Core.DB.Plugin.Shared", "..\..\Core.DB.Plugin\Core.DB.Plugin.Shared\Core.DB.Plugin.Shared.csproj", "{A7B82B0B-ED21-4F17-925F-BA82580ECE40}"
EndProject
Project("{9A19103F-16F7-4668-BE54-9A1E7A4F7556}") = "Core.Cloud", "..\Core.Cloud\Core.Cloud.csproj", "{FE6B68FC-6CAB-4DD7-818C-003182605F9C}"
EndProject
Global
	GlobalSection(SolutionConfigurationPlatforms) = preSolution
		Debug|Any CPU = Debug|Any CPU
		Debug|arm64 = Debug|arm64
		Debug|x86 = Debug|x86
		Release|Any CPU = Release|Any CPU
		Release|arm64 = Release|arm64
		Release|x86 = Release|x86
	EndGlobalSection
	GlobalSection(ProjectConfigurationPlatforms) = postSolution
		{4668F9D9-EF6A-4127-93B9-5313E09C29B3}.Debug|Any CPU.ActiveCfg = Debug|Any CPU
		{4668F9D9-EF6A-4127-93B9-5313E09C29B3}.Debug|Any CPU.Build.0 = Debug|Any CPU
		{4668F9D9-EF6A-4127-93B9-5313E09C29B3}.Debug|arm64.ActiveCfg = Debug|Any CPU
		{4668F9D9-EF6A-4127-93B9-5313E09C29B3}.Debug|arm64.Build.0 = Debug|Any CPU
		{4668F9D9-EF6A-4127-93B9-5313E09C29B3}.Debug|x86.ActiveCfg = Debug|Any CPU
		{4668F9D9-EF6A-4127-93B9-5313E09C29B3}.Debug|x86.Build.0 = Debug|Any CPU
		{4668F9D9-EF6A-4127-93B9-5313E09C29B3}.Release|Any CPU.ActiveCfg = Release|Any CPU
		{4668F9D9-EF6A-4127-93B9-5313E09C29B3}.Release|Any CPU.Build.0 = Release|Any CPU
		{4668F9D9-EF6A-4127-93B9-5313E09C29B3}.Release|arm64.ActiveCfg = Release|Any CPU
		{4668F9D9-EF6A-4127-93B9-5313E09C29B3}.Release|arm64.Build.0 = Release|Any CPU
		{4668F9D9-EF6A-4127-93B9-5313E09C29B3}.Release|x86.ActiveCfg = Release|Any CPU
		{4668F9D9-EF6A-4127-93B9-5313E09C29B3}.Release|x86.Build.0 = Release|Any CPU
		{6C4A75BB-73F9-4A06-B122-0CD7F9FAF4A7}.Debug|Any CPU.ActiveCfg = Debug|Any CPU
		{6C4A75BB-73F9-4A06-B122-0CD7F9FAF4A7}.Debug|Any CPU.Build.0 = Debug|Any CPU
		{6C4A75BB-73F9-4A06-B122-0CD7F9FAF4A7}.Debug|arm64.ActiveCfg = Debug|Any CPU
		{6C4A75BB-73F9-4A06-B122-0CD7F9FAF4A7}.Debug|arm64.Build.0 = Debug|Any CPU
		{6C4A75BB-73F9-4A06-B122-0CD7F9FAF4A7}.Debug|x86.ActiveCfg = Debug|Any CPU
		{6C4A75BB-73F9-4A06-B122-0CD7F9FAF4A7}.Debug|x86.Build.0 = Debug|Any CPU
		{6C4A75BB-73F9-4A06-B122-0CD7F9FAF4A7}.Release|Any CPU.ActiveCfg = Release|Any CPU
		{6C4A75BB-73F9-4A06-B122-0CD7F9FAF4A7}.Release|Any CPU.Build.0 = Release|Any CPU
		{6C4A75BB-73F9-4A06-B122-0CD7F9FAF4A7}.Release|arm64.ActiveCfg = Release|Any CPU
		{6C4A75BB-73F9-4A06-B122-0CD7F9FAF4A7}.Release|arm64.Build.0 = Release|Any CPU
		{6C4A75BB-73F9-4A06-B122-0CD7F9FAF4A7}.Release|x86.ActiveCfg = Release|Any CPU
		{6C4A75BB-73F9-4A06-B122-0CD7F9FAF4A7}.Release|x86.Build.0 = Release|Any CPU
		{4E6255FB-FEC6-47D5-B895-231DE109E25F}.Debug|Any CPU.ActiveCfg = Debug|Any CPU
		{4E6255FB-FEC6-47D5-B895-231DE109E25F}.Debug|Any CPU.Build.0 = Debug|Any CPU
		{4E6255FB-FEC6-47D5-B895-231DE109E25F}.Debug|arm64.ActiveCfg = Debug|Any CPU
		{4E6255FB-FEC6-47D5-B895-231DE109E25F}.Debug|arm64.Build.0 = Debug|Any CPU
		{4E6255FB-FEC6-47D5-B895-231DE109E25F}.Debug|x86.ActiveCfg = Debug|Any CPU
		{4E6255FB-FEC6-47D5-B895-231DE109E25F}.Debug|x86.Build.0 = Debug|Any CPU
		{4E6255FB-FEC6-47D5-B895-231DE109E25F}.Release|Any CPU.ActiveCfg = Release|Any CPU
		{4E6255FB-FEC6-47D5-B895-231DE109E25F}.Release|Any CPU.Build.0 = Release|Any CPU
		{4E6255FB-FEC6-47D5-B895-231DE109E25F}.Release|arm64.ActiveCfg = Release|Any CPU
		{4E6255FB-FEC6-47D5-B895-231DE109E25F}.Release|arm64.Build.0 = Release|Any CPU
		{4E6255FB-FEC6-47D5-B895-231DE109E25F}.Release|x86.ActiveCfg = Release|Any CPU
		{4E6255FB-FEC6-47D5-B895-231DE109E25F}.Release|x86.Build.0 = Release|Any CPU
		{707A601C-CFBE-460A-AB27-54105564F4DB}.Debug|Any CPU.ActiveCfg = Debug|Any CPU
		{707A601C-CFBE-460A-AB27-54105564F4DB}.Debug|Any CPU.Build.0 = Debug|Any CPU
		{707A601C-CFBE-460A-AB27-54105564F4DB}.Debug|arm64.ActiveCfg = Debug|Any CPU
		{707A601C-CFBE-460A-AB27-54105564F4DB}.Debug|arm64.Build.0 = Debug|Any CPU
		{707A601C-CFBE-460A-AB27-54105564F4DB}.Debug|x86.ActiveCfg = Debug|Any CPU
		{707A601C-CFBE-460A-AB27-54105564F4DB}.Debug|x86.Build.0 = Debug|Any CPU
		{707A601C-CFBE-460A-AB27-54105564F4DB}.Release|Any CPU.ActiveCfg = Release|Any CPU
		{707A601C-CFBE-460A-AB27-54105564F4DB}.Release|Any CPU.Build.0 = Release|Any CPU
		{707A601C-CFBE-460A-AB27-54105564F4DB}.Release|arm64.ActiveCfg = Release|Any CPU
		{707A601C-CFBE-460A-AB27-54105564F4DB}.Release|arm64.Build.0 = Release|Any CPU
		{707A601C-CFBE-460A-AB27-54105564F4DB}.Release|x86.ActiveCfg = Release|Any CPU
		{707A601C-CFBE-460A-AB27-54105564F4DB}.Release|x86.Build.0 = Release|Any CPU
		{E74A75A6-F19C-4E45-9508-DD12DF614AFC}.Debug|Any CPU.ActiveCfg = Debug|Any CPU
		{E74A75A6-F19C-4E45-9508-DD12DF614AFC}.Debug|Any CPU.Build.0 = Debug|Any CPU
		{E74A75A6-F19C-4E45-9508-DD12DF614AFC}.Debug|arm64.ActiveCfg = Debug|Any CPU
		{E74A75A6-F19C-4E45-9508-DD12DF614AFC}.Debug|arm64.Build.0 = Debug|Any CPU
		{E74A75A6-F19C-4E45-9508-DD12DF614AFC}.Debug|x86.ActiveCfg = Debug|Any CPU
		{E74A75A6-F19C-4E45-9508-DD12DF614AFC}.Debug|x86.Build.0 = Debug|Any CPU
		{E74A75A6-F19C-4E45-9508-DD12DF614AFC}.Release|Any CPU.ActiveCfg = Release|Any CPU
		{E74A75A6-F19C-4E45-9508-DD12DF614AFC}.Release|Any CPU.Build.0 = Release|Any CPU
		{E74A75A6-F19C-4E45-9508-DD12DF614AFC}.Release|arm64.ActiveCfg = Release|Any CPU
		{E74A75A6-F19C-4E45-9508-DD12DF614AFC}.Release|arm64.Build.0 = Release|Any CPU
		{E74A75A6-F19C-4E45-9508-DD12DF614AFC}.Release|x86.ActiveCfg = Release|Any CPU
		{E74A75A6-F19C-4E45-9508-DD12DF614AFC}.Release|x86.Build.0 = Release|Any CPU
		{A7B82B0B-ED21-4F17-925F-BA82580ECE40}.Debug|Any CPU.ActiveCfg = Debug|Any CPU
		{A7B82B0B-ED21-4F17-925F-BA82580ECE40}.Debug|Any CPU.Build.0 = Debug|Any CPU
		{A7B82B0B-ED21-4F17-925F-BA82580ECE40}.Debug|arm64.ActiveCfg = Debug|Any CPU
		{A7B82B0B-ED21-4F17-925F-BA82580ECE40}.Debug|arm64.Build.0 = Debug|Any CPU
		{A7B82B0B-ED21-4F17-925F-BA82580ECE40}.Debug|x86.ActiveCfg = Debug|Any CPU
		{A7B82B0B-ED21-4F17-925F-BA82580ECE40}.Debug|x86.Build.0 = Debug|Any CPU
		{A7B82B0B-ED21-4F17-925F-BA82580ECE40}.Release|Any CPU.ActiveCfg = Release|Any CPU
		{A7B82B0B-ED21-4F17-925F-BA82580ECE40}.Release|Any CPU.Build.0 = Release|Any CPU
		{A7B82B0B-ED21-4F17-925F-BA82580ECE40}.Release|arm64.ActiveCfg = Release|Any CPU
		{A7B82B0B-ED21-4F17-925F-BA82580ECE40}.Release|arm64.Build.0 = Release|Any CPU
		{A7B82B0B-ED21-4F17-925F-BA82580ECE40}.Release|x86.ActiveCfg = Release|Any CPU
		{A7B82B0B-ED21-4F17-925F-BA82580ECE40}.Release|x86.Build.0 = Release|Any CPU
		{FE6B68FC-6CAB-4DD7-818C-003182605F9C}.Debug|Any CPU.ActiveCfg = Debug|Any CPU
		{FE6B68FC-6CAB-4DD7-818C-003182605F9C}.Debug|Any CPU.Build.0 = Debug|Any CPU
		{FE6B68FC-6CAB-4DD7-818C-003182605F9C}.Debug|arm64.ActiveCfg = Debug|Any CPU
		{FE6B68FC-6CAB-4DD7-818C-003182605F9C}.Debug|arm64.Build.0 = Debug|Any CPU
		{FE6B68FC-6CAB-4DD7-818C-003182605F9C}.Debug|x86.ActiveCfg = Debug|Any CPU
		{FE6B68FC-6CAB-4DD7-818C-003182605F9C}.Debug|x86.Build.0 = Debug|Any CPU
		{FE6B68FC-6CAB-4DD7-818C-003182605F9C}.Release|Any CPU.ActiveCfg = Release|Any CPU
		{FE6B68FC-6CAB-4DD7-818C-003182605F9C}.Release|Any CPU.Build.0 = Release|Any CPU
		{FE6B68FC-6CAB-4DD7-818C-003182605F9C}.Release|arm64.ActiveCfg = Release|Any CPU
		{FE6B68FC-6CAB-4DD7-818C-003182605F9C}.Release|arm64.Build.0 = Release|Any CPU
		{FE6B68FC-6CAB-4DD7-818C-003182605F9C}.Release|x86.ActiveCfg = Release|Any CPU
		{FE6B68FC-6CAB-4DD7-818C-003182605F9C}.Release|x86.Build.0 = Release|Any CPU
	EndGlobalSection
	GlobalSection(SolutionProperties) = preSolution
		HideSolutionNode = FALSE
	EndGlobalSection
	GlobalSection(NestedProjects) = preSolution
		{6C4A75BB-73F9-4A06-B122-0CD7F9FAF4A7} = {B2BB3820-A609-4DB6-90B2-2D0997B2DD3D}
		{4E6255FB-FEC6-47D5-B895-231DE109E25F} = {F7B6A614-60D8-4098-93CC-FB641B71C600}
		{707A601C-CFBE-460A-AB27-54105564F4DB} = {B2BB3820-A609-4DB6-90B2-2D0997B2DD3D}
		{E74A75A6-F19C-4E45-9508-DD12DF614AFC} = {9823028D-721D-439D-AD6B-F3056346A75D}
		{A7B82B0B-ED21-4F17-925F-BA82580ECE40} = {9823028D-721D-439D-AD6B-F3056346A75D}
		{FE6B68FC-6CAB-4DD7-818C-003182605F9C} = {B2BB3820-A609-4DB6-90B2-2D0997B2DD3D}
	EndGlobalSection
	GlobalSection(ExtensibilityGlobals) = postSolution
		SolutionGuid = {8E0B567D-CCB1-4FE3-A430-D84FBD0E47BB}
	EndGlobalSection
EndGlobal
